{
    "_readme": [
        "This file locks the dependencies of your project to a known state",
        "Read more about it at https://getcomposer.org/doc/01-basic-usage.md#composer-lock-the-lock-file",
        "This file is @generated automatically"
    ],
    "content-hash": "574e75cc6b67d49b4986560ae041c019",
    "packages": [
        {
            "name": "google/recaptcha",
            "version": "1.1.3",
            "source": {
                "type": "git",
                "url": "https://github.com/google/recaptcha.git",
                "reference": "5a56d15ca10a7b75158178752b2ad8f755eb4f78"
            },
            "dist": {
                "type": "zip",
                "url": "https://api.github.com/repos/google/recaptcha/zipball/5a56d15ca10a7b75158178752b2ad8f755eb4f78",
                "reference": "5a56d15ca10a7b75158178752b2ad8f755eb4f78",
                "shasum": ""
            },
            "require": {
                "php": ">=5.5"
            },
            "require-dev": {
                "phpunit/phpunit": "^4.8"
            },
            "type": "library",
            "extra": {
                "branch-alias": {
                    "dev-master": "1.1.x-dev"
                }
            },
            "autoload": {
                "psr-4": {
                    "ReCaptcha\\": "src/ReCaptcha"
                }
            },
            "notification-url": "https://packagist.org/downloads/",
            "license": [
                "BSD-3-Clause"
            ],
            "description": "Client library for reCAPTCHA, a free service that protect websites from spam and abuse.",
            "homepage": "http://www.google.com/recaptcha/",
            "keywords": [
                "Abuse",
                "captcha",
                "recaptcha",
                "spam"
            ],
            "time": "2017-03-09T18:44:34+00:00"
        },
        {
            "name": "imangazaliev/didom",
            "version": "1.13",
            "source": {
                "type": "git",
                "url": "https://github.com/Imangazaliev/DiDOM.git",
                "reference": "10c4033d56e599f09183959ed90bf17519b9e38b"
            },
            "dist": {
                "type": "zip",
                "url": "https://api.github.com/repos/Imangazaliev/DiDOM/zipball/10c4033d56e599f09183959ed90bf17519b9e38b",
                "reference": "10c4033d56e599f09183959ed90bf17519b9e38b",
                "shasum": ""
            },
            "require": {
                "php": ">=5.4"
            },
            "require-dev": {
                "phpunit/phpunit": "^4.8"
            },
            "type": "library",
            "autoload": {
                "psr-4": {
                    "DiDom\\": "src/DiDom/"
                }
            },
            "notification-url": "https://packagist.org/downloads/",
            "license": [
                "MIT"
            ],
            "authors": [
                {
                    "name": "Imangazaliev Muhammad",
                    "email": "imangazalievm@gmail.com"
                }
            ],
            "description": "Simple and fast HTML parser",
            "homepage": "https://github.com/Imangazaliev/DiDOM",
            "keywords": [
                "didom",
                "html",
                "parser",
                "xml"
            ],
            "time": "2017-12-08T15:20:07+00:00"
        },
        {
            "name": "snscripts/html-helper",
            "version": "1.0.2",
            "source": {
                "type": "git",
                "url": "https://github.com/mikebarlow/html-helper.git",
                "reference": "89bca698003253faabeb2b316c6d6f05f8d9636b"
            },
            "dist": {
                "type": "zip",
                "url": "https://api.github.com/repos/mikebarlow/html-helper/zipball/89bca698003253faabeb2b316c6d6f05f8d9636b",
                "reference": "89bca698003253faabeb2b316c6d6f05f8d9636b",
                "shasum": ""
            },
            "require": {
                "php": ">=5.4.0"
            },
            "require-dev": {
                "phpunit/phpunit": "~4.0",
                "squizlabs/php_codesniffer": "~2.0"
            },
            "type": "library",
            "autoload": {
                "psr-4": {
                    "Snscripts\\HtmlHelper\\": "src"
                }
            },
            "notification-url": "https://packagist.org/downloads/",
            "license": [
                "MIT"
            ],
            "authors": [
                {
                    "name": "Mike Barlow",
                    "email": "mike@mikebarlow.co.uk",
                    "role": "Developer"
                }
            ],
            "description": "Framework agnostic HTML Helper",
            "homepage": "https://github.com/snscripts/html-helper",
            "keywords": [
                "Forms",
                "framework agnostic",
                "helper",
                "html"
            ],
            "time": "2015-11-10T21:48:04+00:00"
        }
    ],
    "packages-dev": [],
    "aliases": [],
    "minimum-stability": "stable",
    "stability-flags": [],
    "prefer-stable": false,
    "prefer-lowest": false,
    "platform": [],
    "platform-dev": []
}
